
Microsoft Visual Studio Solution File, Format Version 12.00
# Visual Studio 15
VisualStudioVersion = 15.0.27004.2002
MinimumVisualStudioVersion = 10.0.40219.1
Project("{8BC9CEB8-8B4A-11D0-8D11-00A0C91BC942}") = "quantdata", "quantdata.vcxproj", "{56EB0FD2-E83C-40BC-8FAA-C9BA87A96BDA}"
	ProjectSection(ProjectDependencies) = postProject
		{1E96B197-7EC2-42F0-80DA-94E5B01AAC14} = {1E96B197-7EC2-42F0-80DA-94E5B01AAC14}
	EndProjectSection
EndProject
Project("{8BC9CEB8-8B4A-11D0-8D11-00A0C91BC942}") = "commonlib", "..\..\commonlib\vs2017\commonlib.vcxproj", "{1E96B197-7EC2-42F0-80DA-94E5B01AAC14}"
EndProject
Project("{8BC9CEB8-8B4A-11D0-8D11-00A0C91BC942}") = "quantdata_example", "quantdata_example.vcxproj", "{B1555E67-28F5-4A5D-96FA-8B5E3D383F5F}"
	ProjectSection(ProjectDependencies) = postProject
		{56EB0FD2-E83C-40BC-8FAA-C9BA87A96BDA} = {56EB0FD2-E83C-40BC-8FAA-C9BA87A96BDA}
	EndProjectSection
EndProject
Project("{8BC9CEB8-8B4A-11D0-8D11-00A0C91BC942}") = "quantdata_example_c", "quantdata_example_c.vcxproj", "{E9A0FAF8-29B9-42EE-9258-4281CB7D789D}"
	ProjectSection(ProjectDependencies) = postProject
		{56EB0FD2-E83C-40BC-8FAA-C9BA87A96BDA} = {56EB0FD2-E83C-40BC-8FAA-C9BA87A96BDA}
	EndProjectSection
EndProject
Global
	GlobalSection(SolutionConfigurationPlatforms) = preSolution
		Debug|x64 = Debug|x64
		Debug|x86 = Debug|x86
		Release|x64 = Release|x64
		Release|x86 = Release|x86
	EndGlobalSection
	GlobalSection(ProjectConfigurationPlatforms) = postSolution
		{56EB0FD2-E83C-40BC-8FAA-C9BA87A96BDA}.Debug|x64.ActiveCfg = Debug|x64
		{56EB0FD2-E83C-40BC-8FAA-C9BA87A96BDA}.Debug|x64.Build.0 = Debug|x64
		{56EB0FD2-E83C-40BC-8FAA-C9BA87A96BDA}.Debug|x86.ActiveCfg = Debug|Win32
		{56EB0FD2-E83C-40BC-8FAA-C9BA87A96BDA}.Debug|x86.Build.0 = Debug|Win32
		{56EB0FD2-E83C-40BC-8FAA-C9BA87A96BDA}.Release|x64.ActiveCfg = Release|x64
		{56EB0FD2-E83C-40BC-8FAA-C9BA87A96BDA}.Release|x64.Build.0 = Release|x64
		{56EB0FD2-E83C-40BC-8FAA-C9BA87A96BDA}.Release|x86.ActiveCfg = Release|Win32
		{56EB0FD2-E83C-40BC-8FAA-C9BA87A96BDA}.Release|x86.Build.0 = Release|Win32
		{1E96B197-7EC2-42F0-80DA-94E5B01AAC14}.Debug|x64.ActiveCfg = Debug|x64
		{1E96B197-7EC2-42F0-80DA-94E5B01AAC14}.Debug|x64.Build.0 = Debug|x64
		{1E96B197-7EC2-42F0-80DA-94E5B01AAC14}.Debug|x86.ActiveCfg = Debug|Win32
		{1E96B197-7EC2-42F0-80DA-94E5B01AAC14}.Debug|x86.Build.0 = Debug|Win32
		{1E96B197-7EC2-42F0-80DA-94E5B01AAC14}.Release|x64.ActiveCfg = Release|x64
		{1E96B197-7EC2-42F0-80DA-94E5B01AAC14}.Release|x64.Build.0 = Release|x64
		{1E96B197-7EC2-42F0-80DA-94E5B01AAC14}.Release|x86.ActiveCfg = Release|Win32
		{1E96B197-7EC2-42F0-80DA-94E5B01AAC14}.Release|x86.Build.0 = Release|Win32
		{B1555E67-28F5-4A5D-96FA-8B5E3D383F5F}.Debug|x64.ActiveCfg = Debug|x64
		{B1555E67-28F5-4A5D-96FA-8B5E3D383F5F}.Debug|x64.Build.0 = Debug|x64
		{B1555E67-28F5-4A5D-96FA-8B5E3D383F5F}.Debug|x86.ActiveCfg = Debug|Win32
		{B1555E67-28F5-4A5D-96FA-8B5E3D383F5F}.Debug|x86.Build.0 = Debug|Win32
		{B1555E67-28F5-4A5D-96FA-8B5E3D383F5F}.Release|x64.ActiveCfg = Release|x64
		{B1555E67-28F5-4A5D-96FA-8B5E3D383F5F}.Release|x64.Build.0 = Release|x64
		{B1555E67-28F5-4A5D-96FA-8B5E3D383F5F}.Release|x86.ActiveCfg = Release|Win32
		{B1555E67-28F5-4A5D-96FA-8B5E3D383F5F}.Release|x86.Build.0 = Release|Win32
		{E9A0FAF8-29B9-42EE-9258-4281CB7D789D}.Debug|x64.ActiveCfg = Debug|x64
		{E9A0FAF8-29B9-42EE-9258-4281CB7D789D}.Debug|x64.Build.0 = Debug|x64
		{E9A0FAF8-29B9-42EE-9258-4281CB7D789D}.Debug|x86.ActiveCfg = Debug|Win32
		{E9A0FAF8-29B9-42EE-9258-4281CB7D789D}.Debug|x86.Build.0 = Debug|Win32
		{E9A0FAF8-29B9-42EE-9258-4281CB7D789D}.Release|x64.ActiveCfg = Release|x64
		{E9A0FAF8-29B9-42EE-9258-4281CB7D789D}.Release|x64.Build.0 = Release|x64
		{E9A0FAF8-29B9-42EE-9258-4281CB7D789D}.Release|x86.ActiveCfg = Release|Win32
		{E9A0FAF8-29B9-42EE-9258-4281CB7D789D}.Release|x86.Build.0 = Release|Win32
	EndGlobalSection
	GlobalSection(SolutionProperties) = preSolution
		HideSolutionNode = FALSE
	EndGlobalSection
	GlobalSection(ExtensibilityGlobals) = postSolution
		SolutionGuid = {A49EB3C4-3EDB-4079-B5E7-A793D123E2D7}
	EndGlobalSection
EndGlobal
